
Microsoft Visual Studio Solution File, Format Version 12.00
# Visual Studio 15
VisualStudioVersion = 15.0.28307.168
MinimumVisualStudioVersion = 10.0.40219.1
Project("{FAE04EC0-301F-11D3-BF4B-00C04F79EFBC}") = "Assignment4", "Assignment4\Assignment4.csproj", "{289D8756-A0B1-40DA-B59D-BEE849E0663B}"
EndProject
Global
	GlobalSection(SolutionConfigurationPlatforms) = preSolution
		Debug|Any CPU = Debug|Any CPU
		Release|Any CPU = Release|Any CPU
	EndGlobalSection
	GlobalSection(ProjectConfigurationPlatforms) = postSolution
		{289D8756-A0B1-40DA-B59D-BEE849E0663B}.Debug|Any CPU.ActiveCfg = Debug|Any CPU
		{289D8756-A0B1-40DA-B59D-BEE849E0663B}.Debug|Any CPU.Build.0 = Debug|Any CPU
		{289D8756-A0B1-40DA-B59D-BEE849E0663B}.Release|Any CPU.ActiveCfg = Release|Any CPU
		{289D8756-A0B1-40DA-B59D-BEE849E0663B}.Release|Any CPU.Build.0 = Release|Any CPU
	EndGlobalSection
	GlobalSection(SolutionProperties) = preSolution
		HideSolutionNode = FALSE
	EndGlobalSection
	GlobalSection(ExtensibilityGlobals) = postSolution
		SolutionGuid = {E2F6B5C8-F017-4B59-8CAF-7250EF24AB1E}
	EndGlobalSection
EndGlobal
